
Microsoft Visual Studio Solution File, Format Version 12.00
# Visual Studio Version 17
VisualStudioVersion = 17.8.34309.116
MinimumVisualStudioVersion = 10.0.40219.1
Project("{9A19103F-16F7-4668-BE54-9A1E7A4F7556}") = "DUMPSYM.Tests", "DUMPSYM.Tests\DUMPSYM.Tests.csproj", "{4D52B5BC-C472-4F4D-9A68-7719A3816A68}"
EndProject
Project("{9A19103F-16F7-4668-BE54-9A1E7A4F7556}") = "DUMPSYM", "DUMPSYM\DUMPSYM.csproj", "{5A2361FF-FFD2-4A71-A6CF-192E0E310DA2}"
EndProject
Project("{2150E333-8FDC-42A3-9474-1A3956D46DE8}") = "Solution Items", "Solution Items", "{B9F237D7-FA61-4BBB-B425-908A0107E800}"
	ProjectSection(SolutionItems) = preProject
		.editorconfig = .editorconfig
	EndProjectSection
EndProject
Project("{FAE04EC0-301F-11D3-BF4B-00C04F79EFBC}") = "dumpsym_cli", "dumpsym_cli\dumpsym_cli.csproj", "{4CE24AD6-7997-4411-B5AF-49C80C3ED23C}"
EndProject
Project("{FAE04EC0-301F-11D3-BF4B-00C04F79EFBC}") = "dumpsym_ghidra", "dumpsym_ghidra\dumpsym_ghidra.csproj", "{21F96644-C893-4DAB-A771-B589AC544297}"
EndProject
Project("{FAE04EC0-301F-11D3-BF4B-00C04F79EFBC}") = "dumpsym_ida", "dumpsym_ida\dumpsym_ida.csproj", "{8CAC83A2-4995-4518-8CD3-6E9C7251EB7B}"
EndProject
Project("{2150E333-8FDC-42A3-9474-1A3956D46DE8}") = "V1", "V1", "{9C418449-A330-46EE-9B7A-38A444C5CDA4}"
EndProject
Project("{2150E333-8FDC-42A3-9474-1A3956D46DE8}") = "V2", "V2", "{57815F73-62BB-469E-A46C-84F230704CC9}"
EndProject
Global
	GlobalSection(SolutionConfigurationPlatforms) = preSolution
		Debug|Any CPU = Debug|Any CPU
		Release|Any CPU = Release|Any CPU
	EndGlobalSection
	GlobalSection(ProjectConfigurationPlatforms) = postSolution
		{4D52B5BC-C472-4F4D-9A68-7719A3816A68}.Debug|Any CPU.ActiveCfg = Debug|Any CPU
		{4D52B5BC-C472-4F4D-9A68-7719A3816A68}.Debug|Any CPU.Build.0 = Debug|Any CPU
		{4D52B5BC-C472-4F4D-9A68-7719A3816A68}.Release|Any CPU.ActiveCfg = Release|Any CPU
		{4D52B5BC-C472-4F4D-9A68-7719A3816A68}.Release|Any CPU.Build.0 = Release|Any CPU
		{5A2361FF-FFD2-4A71-A6CF-192E0E310DA2}.Debug|Any CPU.ActiveCfg = Debug|Any CPU
		{5A2361FF-FFD2-4A71-A6CF-192E0E310DA2}.Debug|Any CPU.Build.0 = Debug|Any CPU
		{5A2361FF-FFD2-4A71-A6CF-192E0E310DA2}.Release|Any CPU.ActiveCfg = Release|Any CPU
		{5A2361FF-FFD2-4A71-A6CF-192E0E310DA2}.Release|Any CPU.Build.0 = Release|Any CPU
		{4CE24AD6-7997-4411-B5AF-49C80C3ED23C}.Debug|Any CPU.ActiveCfg = Debug|Any CPU
		{4CE24AD6-7997-4411-B5AF-49C80C3ED23C}.Debug|Any CPU.Build.0 = Debug|Any CPU
		{4CE24AD6-7997-4411-B5AF-49C80C3ED23C}.Release|Any CPU.ActiveCfg = Release|Any CPU
		{4CE24AD6-7997-4411-B5AF-49C80C3ED23C}.Release|Any CPU.Build.0 = Release|Any CPU
		{21F96644-C893-4DAB-A771-B589AC544297}.Debug|Any CPU.ActiveCfg = Debug|Any CPU
		{21F96644-C893-4DAB-A771-B589AC544297}.Debug|Any CPU.Build.0 = Debug|Any CPU
		{21F96644-C893-4DAB-A771-B589AC544297}.Release|Any CPU.ActiveCfg = Release|Any CPU
		{21F96644-C893-4DAB-A771-B589AC544297}.Release|Any CPU.Build.0 = Release|Any CPU
		{8CAC83A2-4995-4518-8CD3-6E9C7251EB7B}.Debug|Any CPU.ActiveCfg = Debug|Any CPU
		{8CAC83A2-4995-4518-8CD3-6E9C7251EB7B}.Debug|Any CPU.Build.0 = Debug|Any CPU
		{8CAC83A2-4995-4518-8CD3-6E9C7251EB7B}.Release|Any CPU.ActiveCfg = Release|Any CPU
		{8CAC83A2-4995-4518-8CD3-6E9C7251EB7B}.Release|Any CPU.Build.0 = Release|Any CPU
	EndGlobalSection
	GlobalSection(SolutionProperties) = preSolution
		HideSolutionNode = FALSE
	EndGlobalSection
	GlobalSection(NestedProjects) = preSolution
		{4D52B5BC-C472-4F4D-9A68-7719A3816A68} = {57815F73-62BB-469E-A46C-84F230704CC9}
		{5A2361FF-FFD2-4A71-A6CF-192E0E310DA2} = {57815F73-62BB-469E-A46C-84F230704CC9}
		{4CE24AD6-7997-4411-B5AF-49C80C3ED23C} = {9C418449-A330-46EE-9B7A-38A444C5CDA4}
		{21F96644-C893-4DAB-A771-B589AC544297} = {9C418449-A330-46EE-9B7A-38A444C5CDA4}
		{8CAC83A2-4995-4518-8CD3-6E9C7251EB7B} = {9C418449-A330-46EE-9B7A-38A444C5CDA4}
	EndGlobalSection
	GlobalSection(ExtensibilityGlobals) = postSolution
		SolutionGuid = {63957606-8864-4189-8FE4-40A12E02564A}
	EndGlobalSection
EndGlobal
