Microsoft Visual Studio Solution File, Format Version 12.00
# Visual Studio Version 17
VisualStudioVersion = 17.5.2.0
MinimumVisualStudioVersion = 10.0.40219.1
Project("{FAE04EC0-301F-11D3-BF4B-00C04F79EFBC}") = "DUMPSYM", "DUMPSYM\DUMPSYM.csproj", "{FE2EC3BB-1A7F-B1A2-5F08-6B6C4FD37AC7}"
EndProject
Project("{FAE04EC0-301F-11D3-BF4B-00C04F79EFBC}") = "DUMPSYM.Tests", "DUMPSYM.Tests\DUMPSYM.Tests.csproj", "{559DA552-C08E-B920-A7F8-917B9FDDA5F5}"
EndProject
Global
	GlobalSection(SolutionConfigurationPlatforms) = preSolution
		Debug|Any CPU = Debug|Any CPU
		Release|Any CPU = Release|Any CPU
	EndGlobalSection
	GlobalSection(ProjectConfigurationPlatforms) = postSolution
		{FE2EC3BB-1A7F-B1A2-5F08-6B6C4FD37AC7}.Debug|Any CPU.ActiveCfg = Debug|Any CPU
		{FE2EC3BB-1A7F-B1A2-5F08-6B6C4FD37AC7}.Debug|Any CPU.Build.0 = Debug|Any CPU
		{FE2EC3BB-1A7F-B1A2-5F08-6B6C4FD37AC7}.Release|Any CPU.ActiveCfg = Release|Any CPU
		{FE2EC3BB-1A7F-B1A2-5F08-6B6C4FD37AC7}.Release|Any CPU.Build.0 = Release|Any CPU
		{559DA552-C08E-B920-A7F8-917B9FDDA5F5}.Debug|Any CPU.ActiveCfg = Debug|Any CPU
		{559DA552-C08E-B920-A7F8-917B9FDDA5F5}.Debug|Any CPU.Build.0 = Debug|Any CPU
		{559DA552-C08E-B920-A7F8-917B9FDDA5F5}.Release|Any CPU.ActiveCfg = Release|Any CPU
		{559DA552-C08E-B920-A7F8-917B9FDDA5F5}.Release|Any CPU.Build.0 = Release|Any CPU
	EndGlobalSection
	GlobalSection(SolutionProperties) = preSolution
		HideSolutionNode = FALSE
	EndGlobalSection
	GlobalSection(ExtensibilityGlobals) = postSolution
		SolutionGuid = {371933EF-B336-4B91-9F35-946C9B478E73}
	EndGlobalSection
EndGlobal
